
Microsoft Visual Studio Solution File, Format Version 12.00
# Visual Studio Version 16
VisualStudioVersion = 16.0.30611.23
MinimumVisualStudioVersion = 10.0.40219.1
Project("{FAE04EC0-301F-11D3-BF4B-00C04F79EFBC}") = "ExceptionsLab", "ExceptionsLab\ExceptionsLab.csproj", "{C01A4047-A9C2-4893-876A-86A41E8A9B52}"
EndProject
Global
	GlobalSection(SolutionConfigurationPlatforms) = preSolution
		Debug|Any CPU = Debug|Any CPU
		Release|Any CPU = Release|Any CPU
	EndGlobalSection
	GlobalSection(ProjectConfigurationPlatforms) = postSolution
		{C01A4047-A9C2-4893-876A-86A41E8A9B52}.Debug|Any CPU.ActiveCfg = Debug|Any CPU
		{C01A4047-A9C2-4893-876A-86A41E8A9B52}.Debug|Any CPU.Build.0 = Debug|Any CPU
		{C01A4047-A9C2-4893-876A-86A41E8A9B52}.Release|Any CPU.ActiveCfg = Release|Any CPU
		{C01A4047-A9C2-4893-876A-86A41E8A9B52}.Release|Any CPU.Build.0 = Release|Any CPU
	EndGlobalSection
	GlobalSection(SolutionProperties) = preSolution
		HideSolutionNode = FALSE
	EndGlobalSection
	GlobalSection(ExtensibilityGlobals) = postSolution
		SolutionGuid = {E911219F-A577-455B-8B66-81E523F4ADBB}
	EndGlobalSection
EndGlobal
